
Microsoft Visual Studio Solution File, Format Version 12.00
# Visual Studio Version 17
VisualStudioVersion = 17.3.32922.545
MinimumVisualStudioVersion = 10.0.40219.1
Project("{FAE04EC0-301F-11D3-BF4B-00C04F79EFBC}") = "MobileWidget.Android", "MobileWidget\MobileWidget.Android\MobileWidget.Android.csproj", "{CC70BB80-7EA0-4B60-85E7-F1DBD55D0971}"
EndProject
Project("{FAE04EC0-301F-11D3-BF4B-00C04F79EFBC}") = "MobileWidget", "MobileWidget\MobileWidget\MobileWidget.csproj", "{BA9C45A7-6065-49F7-B198-EFF9490321BD}"
EndProject
Global
	GlobalSection(SolutionConfigurationPlatforms) = preSolution
		Debug|Any CPU = Debug|Any CPU
		Release|Any CPU = Release|Any CPU
	EndGlobalSection
	GlobalSection(ProjectConfigurationPlatforms) = postSolution
		{CC70BB80-7EA0-4B60-85E7-F1DBD55D0971}.Debug|Any CPU.ActiveCfg = Debug|Any CPU
		{CC70BB80-7EA0-4B60-85E7-F1DBD55D0971}.Debug|Any CPU.Build.0 = Debug|Any CPU
		{CC70BB80-7EA0-4B60-85E7-F1DBD55D0971}.Debug|Any CPU.Deploy.0 = Debug|Any CPU
		{CC70BB80-7EA0-4B60-85E7-F1DBD55D0971}.Release|Any CPU.ActiveCfg = Release|Any CPU
		{CC70BB80-7EA0-4B60-85E7-F1DBD55D0971}.Release|Any CPU.Build.0 = Release|Any CPU
		{CC70BB80-7EA0-4B60-85E7-F1DBD55D0971}.Release|Any CPU.Deploy.0 = Release|Any CPU
		{BA9C45A7-6065-49F7-B198-EFF9490321BD}.Debug|Any CPU.ActiveCfg = Debug|Any CPU
		{BA9C45A7-6065-49F7-B198-EFF9490321BD}.Debug|Any CPU.Build.0 = Debug|Any CPU
		{BA9C45A7-6065-49F7-B198-EFF9490321BD}.Debug|Any CPU.Deploy.0 = Debug|Any CPU
		{BA9C45A7-6065-49F7-B198-EFF9490321BD}.Release|Any CPU.ActiveCfg = Release|Any CPU
		{BA9C45A7-6065-49F7-B198-EFF9490321BD}.Release|Any CPU.Build.0 = Release|Any CPU
		{BA9C45A7-6065-49F7-B198-EFF9490321BD}.Release|Any CPU.Deploy.0 = Release|Any CPU
	EndGlobalSection
	GlobalSection(SolutionProperties) = preSolution
		HideSolutionNode = FALSE
	EndGlobalSection
	GlobalSection(ExtensibilityGlobals) = postSolution
		SolutionGuid = {5637FC4B-28D2-4539-B9A9-2F4EFDD5CC28}
	EndGlobalSection
EndGlobal
